hash: fd1b9712432aeee71bf1603d55ec524c816502a346ae52700a804e896b92b947
updated: 2018-01-18T20:11:52.862600284+03:00
imports:
- name: github.com/davecgh/go-spew
  version: 5215b55f46b2b919f50a1df0eaa5886afe4e3b3d
  subpackages:
  - spew
- name: github.com/docker/distribution
  version: 48294d928ced5dd9b378f7fd7c6f5da3ff3f2c89
  subpackages:
  - digest
- name: github.com/gogo/protobuf
  version: c0656edd0d9eab7c66d1eb0c568f9039345796f7
  subpackages:
  - gogoproto
  - proto
  - protoc-gen-gogo/descriptor
  - sortkeys
- name: github.com/golang/glog
  version: 23def4e6c14b4da8ac2ed8007337bc5eb5007998
- name: github.com/golang/protobuf
  version: 8d92cf5fc15a4382f8964b08e1f42a75c0591aa3
  subpackages:
  - proto
- name: github.com/pmezard/go-difflib
  version: 792786c7400a136282c1664665ae0a8db921c6c2
  subpackages:
  - difflib
- name: golang.org/x/net
  version: 4876518f9e71663000c348837735820161a42df7
  subpackages:
  - context
  - http2
  - http2/hpack
  - internal/timeseries
  - trace
- name: google.golang.org/grpc
  version: 777daa17ff9b5daef1cfdf915088a2ada3332bf0
  subpackages:
  - codes
  - credentials
  - grpclog
  - internal
  - metadata
  - naming
  - peer
  - transport
- name: k8s.io/apimachinery
  version: 917740426ad66ff818da4809990480bcc0786a77
  subpackages:
  - pkg/util/net
  - pkg/util/sets
testImports: []
